
Microsoft Visual Studio Solution File, Format Version 12.00
# Visual Studio Version 17
VisualStudioVersion = 17.11.35312.102
MinimumVisualStudioVersion = 10.0.40219.1
Project("{FAE04EC0-301F-11D3-BF4B-00C04F79EFBC}") = "Web_DonNghiPhep", "Web_DonNghiPhep.csproj", "{61462B2B-76D0-4CB8-928B-91A056F9754F}"
EndProject
Global
	GlobalSection(SolutionConfigurationPlatforms) = preSolution
		Debug|Any CPU = Debug|Any CPU
		Release|Any CPU = Release|Any CPU
	EndGlobalSection
	GlobalSection(ProjectConfigurationPlatforms) = postSolution
		{61462B2B-76D0-4CB8-928B-91A056F9754F}.Debug|Any CPU.ActiveCfg = Debug|Any CPU
		{61462B2B-76D0-4CB8-928B-91A056F9754F}.Debug|Any CPU.Build.0 = Debug|Any CPU
		{61462B2B-76D0-4CB8-928B-91A056F9754F}.Release|Any CPU.ActiveCfg = Release|Any CPU
		{61462B2B-76D0-4CB8-928B-91A056F9754F}.Release|Any CPU.Build.0 = Release|Any CPU
	EndGlobalSection
	GlobalSection(SolutionProperties) = preSolution
		HideSolutionNode = FALSE
	EndGlobalSection
	GlobalSection(ExtensibilityGlobals) = postSolution
		SolutionGuid = {A65E0652-D8AE-4ADB-8AD9-CAF7AF8356D7}
	EndGlobalSection
EndGlobal
